
Microsoft Visual Studio Solution File, Format Version 12.00
# Visual Studio 2015
Project("{FAE04EC0-301F-11D3-BF4B-00C04F79EFBC}") = "Anti-Game.CSharp.Plugins", "Anti-Game.CSharp.Plugins.csproj", "{F8B68FEC-33BC-D3CD-E730-7798B647CB7C}"
EndProject
Project("{FAE04EC0-301F-11D3-BF4B-00C04F79EFBC}") = "Anti-Game.CSharp", "Anti-Game.CSharp.csproj", "{1AD3EB09-97B7-01A7-CDBF-6B7722429CF8}"
EndProject
Project("{FAE04EC0-301F-11D3-BF4B-00C04F79EFBC}") = "Anti-Game.CSharp.Editor.Plugins", "Anti-Game.CSharp.Editor.Plugins.csproj", "{024BC8BF-DDDD-F491-CFA9-AFED2B5B37F5}"
EndProject
Project("{FAE04EC0-301F-11D3-BF4B-00C04F79EFBC}") = "Anti-Game.CSharp.Editor", "Anti-Game.CSharp.Editor.csproj", "{B670677B-9B93-2587-60FB-BB9446EA7E9E}"
EndProject
Global
	GlobalSection(SolutionConfigurationPlatforms) = preSolution
		Debug|Any CPU = Debug|Any CPU
		Release|Any CPU = Release|Any CPU
	EndGlobalSection
	GlobalSection(ProjectConfigurationPlatforms) = postSolution
		{F8B68FEC-33BC-D3CD-E730-7798B647CB7C}.Debug|Any CPU.ActiveCfg = Debug|Any CPU
		{F8B68FEC-33BC-D3CD-E730-7798B647CB7C}.Debug|Any CPU.Build.0 = Debug|Any CPU
		{F8B68FEC-33BC-D3CD-E730-7798B647CB7C}.Release|Any CPU.ActiveCfg = Release|Any CPU
		{F8B68FEC-33BC-D3CD-E730-7798B647CB7C}.Release|Any CPU.Build.0 = Release|Any CPU
		{1AD3EB09-97B7-01A7-CDBF-6B7722429CF8}.Debug|Any CPU.ActiveCfg = Debug|Any CPU
		{1AD3EB09-97B7-01A7-CDBF-6B7722429CF8}.Debug|Any CPU.Build.0 = Debug|Any CPU
		{1AD3EB09-97B7-01A7-CDBF-6B7722429CF8}.Release|Any CPU.ActiveCfg = Release|Any CPU
		{1AD3EB09-97B7-01A7-CDBF-6B7722429CF8}.Release|Any CPU.Build.0 = Release|Any CPU
		{024BC8BF-DDDD-F491-CFA9-AFED2B5B37F5}.Debug|Any CPU.ActiveCfg = Debug|Any CPU
		{024BC8BF-DDDD-F491-CFA9-AFED2B5B37F5}.Debug|Any CPU.Build.0 = Debug|Any CPU
		{024BC8BF-DDDD-F491-CFA9-AFED2B5B37F5}.Release|Any CPU.ActiveCfg = Release|Any CPU
		{024BC8BF-DDDD-F491-CFA9-AFED2B5B37F5}.Release|Any CPU.Build.0 = Release|Any CPU
		{B670677B-9B93-2587-60FB-BB9446EA7E9E}.Debug|Any CPU.ActiveCfg = Debug|Any CPU
		{B670677B-9B93-2587-60FB-BB9446EA7E9E}.Debug|Any CPU.Build.0 = Debug|Any CPU
		{B670677B-9B93-2587-60FB-BB9446EA7E9E}.Release|Any CPU.ActiveCfg = Release|Any CPU
		{B670677B-9B93-2587-60FB-BB9446EA7E9E}.Release|Any CPU.Build.0 = Release|Any CPU
	EndGlobalSection
	GlobalSection(SolutionProperties) = preSolution
		HideSolutionNode = FALSE
	EndGlobalSection
EndGlobal
